
Microsoft Visual Studio Solution File, Format Version 12.00
# Visual Studio Version 17
VisualStudioVersion = 17.5.33414.496
MinimumVisualStudioVersion = 10.0.40219.1
Project("{FAE04EC0-301F-11D3-BF4B-00C04F79EFBC}") = "prueba1", "prueba1.csproj", "{10ED5036-4066-4C0C-A449-045181D21613}"
EndProject
Global
	GlobalSection(SolutionConfigurationPlatforms) = preSolution
		Debug|Any CPU = Debug|Any CPU
		Release|Any CPU = Release|Any CPU
	EndGlobalSection
	GlobalSection(ProjectConfigurationPlatforms) = postSolution
		{10ED5036-4066-4C0C-A449-045181D21613}.Debug|Any CPU.ActiveCfg = Debug|Any CPU
		{10ED5036-4066-4C0C-A449-045181D21613}.Debug|Any CPU.Build.0 = Debug|Any CPU
		{10ED5036-4066-4C0C-A449-045181D21613}.Release|Any CPU.ActiveCfg = Release|Any CPU
		{10ED5036-4066-4C0C-A449-045181D21613}.Release|Any CPU.Build.0 = Release|Any CPU
	EndGlobalSection
	GlobalSection(SolutionProperties) = preSolution
		HideSolutionNode = FALSE
	EndGlobalSection
	GlobalSection(ExtensibilityGlobals) = postSolution
		SolutionGuid = {C3AA00E6-9B62-4C47-9AF1-5935C9A5A7F7}
	EndGlobalSection
EndGlobal
